
Microsoft Visual Studio Solution File, Format Version 12.00
# Visual Studio 15
VisualStudioVersion = 15.0.28010.2050
MinimumVisualStudioVersion = 10.0.40219.1
Project("{FAE04EC0-301F-11D3-BF4B-00C04F79EFBC}") = "TaxiService", "TaxiService\TaxiService.csproj", "{F268BA98-7300-406A-A7B9-F1FC556618E3}"
EndProject
Global
	GlobalSection(SolutionConfigurationPlatforms) = preSolution
		Debug|Any CPU = Debug|Any CPU
		Release|Any CPU = Release|Any CPU
	EndGlobalSection
	GlobalSection(ProjectConfigurationPlatforms) = postSolution
		{F268BA98-7300-406A-A7B9-F1FC556618E3}.Debug|Any CPU.ActiveCfg = Debug|Any CPU
		{F268BA98-7300-406A-A7B9-F1FC556618E3}.Debug|Any CPU.Build.0 = Debug|Any CPU
		{F268BA98-7300-406A-A7B9-F1FC556618E3}.Release|Any CPU.ActiveCfg = Release|Any CPU
		{F268BA98-7300-406A-A7B9-F1FC556618E3}.Release|Any CPU.Build.0 = Release|Any CPU
	EndGlobalSection
	GlobalSection(SolutionProperties) = preSolution
		HideSolutionNode = FALSE
	EndGlobalSection
	GlobalSection(ExtensibilityGlobals) = postSolution
		SolutionGuid = {4DDF1C23-BCD6-4BC3-85BE-7A7718BE2222}
	EndGlobalSection
EndGlobal
